
Microsoft Visual Studio Solution File, Format Version 12.00
# Visual Studio 15
VisualStudioVersion = 15.0.27703.2047
MinimumVisualStudioVersion = 10.0.40219.1
Project("{FAE04EC0-301F-11D3-BF4B-00C04F79EFBC}") = "04-SuperficieDeUnTriangulo", "04-SuperficieDeUnTriangulo\04-SuperficieDeUnTriangulo.csproj", "{F99228CD-312F-4E0E-9897-4762F4C27E28}"
EndProject
Global
	GlobalSection(SolutionConfigurationPlatforms) = preSolution
		Debug|Any CPU = Debug|Any CPU
		Release|Any CPU = Release|Any CPU
	EndGlobalSection
	GlobalSection(ProjectConfigurationPlatforms) = postSolution
		{F99228CD-312F-4E0E-9897-4762F4C27E28}.Debug|Any CPU.ActiveCfg = Debug|Any CPU
		{F99228CD-312F-4E0E-9897-4762F4C27E28}.Debug|Any CPU.Build.0 = Debug|Any CPU
		{F99228CD-312F-4E0E-9897-4762F4C27E28}.Release|Any CPU.ActiveCfg = Release|Any CPU
		{F99228CD-312F-4E0E-9897-4762F4C27E28}.Release|Any CPU.Build.0 = Release|Any CPU
	EndGlobalSection
	GlobalSection(SolutionProperties) = preSolution
		HideSolutionNode = FALSE
	EndGlobalSection
	GlobalSection(ExtensibilityGlobals) = postSolution
		SolutionGuid = {7C0639BE-6BF3-47CB-95FA-624B0B4D4F03}
	EndGlobalSection
EndGlobal
